// !$*UTF8*$!
{
	archiveVersion = 1;
	classes = {
	};
	objectVersion = 55;
	objects = {

/* Begin PBXBuildFile section */
		7CD57DC129411CFC002FBF4F /* Weather_Test_AppApp.swift in Sources */ = {isa = PBXBuildFile; fileRef = 7CD57DC029411CFC002FBF4F /* Weather_Test_AppApp.swift */; };
		7CD57DC329411CFC002FBF4F /* ContentView.swift in Sources */ = {isa = PBXBuildFile; fileRef = 7CD57DC229411CFC002FBF4F /* ContentView.swift */; };
		7CD57DC529411CFE002FBF4F /* Assets.xcassets in Resources */ = {isa = PBXBuildFile; fileRef = 7CD57DC429411CFE002FBF4F /* Assets.xcassets */; };
		7CD57DC829411CFE002FBF4F /* Preview Assets.xcassets in Resources */ = {isa = PBXBuildFile; fileRef = 7CD57DC729411CFE002FBF4F /* Preview Assets.xcassets */; };
		7CE2F41B294F0E6400A04CE6 /* ViewModel.swift in Sources */ = {isa = PBXBuildFile; fileRef = 7CE2F41A294F0E6400A04CE6 /* ViewModel.swift */; };
		7CE2F41E2951194000A04CE6 /* Model.swift in Sources */ = {isa = PBXBuildFile; fileRef = 7CE2F41D2951194000A04CE6 /* Model.swift */; };
		7CE2F42129511A0F00A04CE6 /* Constants.swift in Sources */ = {isa = PBXBuildFile; fileRef = 7CE2F42029511A0F00A04CE6 /* Constants.swift */; };
		7CF7FBB729432C520022E83A /* DetailView.swift in Sources */ = {isa = PBXBuildFile; fileRef = 7CF7FBB629432C520022E83A /* DetailView.swift */; };
/* End PBXBuildFile section */

/* Begin PBXFileReference section */
		7CD57DBD29411CFC002FBF4F /* Weather Test App.app */ = {isa = PBXFileReference; explicitFileType = wrapper.application; includeInIndex = 0; path = "Weather Test App.app"; sourceTree = BUILT_PRODUCTS_DIR; };
		7CD57DC029411CFC002FBF4F /* Weather_Test_AppApp.swift */ = {isa = PBXFileReference; lastKnownFileType = sourcecode.swift; path = Weather_Test_AppApp.swift; sourceTree = "<group>"; };
		7CD57DC229411CFC002FBF4F /* ContentView.swift */ = {isa = PBXFileReference; lastKnownFileType = sourcecode.swift; path = ContentView.swift; sourceTree = "<group>"; };
		7CD57DC429411CFE002FBF4F /* Assets.xcassets */ = {isa = PBXFileReference; lastKnownFileType = folder.assetcatalog; path = Assets.xcassets; sourceTree = "<group>"; };
		7CD57DC729411CFE002FBF4F /* Preview Assets.xcassets */ = {isa = PBXFileReference; lastKnownFileType = folder.assetcatalog; path = "Preview Assets.xcassets"; sourceTree = "<group>"; };
		7CE2F41A294F0E6400A04CE6 /* ViewModel.swift */ = {isa = PBXFileReference; lastKnownFileType = sourcecode.swift; path = ViewModel.swift; sourceTree = "<group>"; };
		7CE2F41C294F15CE00A04CE6 /* Weather-Test-App-Info.plist */ = {isa = PBXFileReference; lastKnownFileType = text.plist.xml; path = "Weather-Test-App-Info.plist"; sourceTree = SOURCE_ROOT; };
		7CE2F41D2951194000A04CE6 /* Model.swift */ = {isa = PBXFileReference; lastKnownFileType = sourcecode.swift; path = Model.swift; sourceTree = "<group>"; };
		7CE2F42029511A0F00A04CE6 /* Constants.swift */ = {isa = PBXFileReference; lastKnownFileType = sourcecode.swift; path = Constants.swift; sourceTree = "<group>"; };
		7CF7FBB629432C520022E83A /* DetailView.swift */ = {isa = PBXFileReference; lastKnownFileType = sourcecode.swift; path = DetailView.swift; sourceTree = "<group>"; };
/* End PBXFileReference section */

/* Begin PBXFrameworksBuildPhase section */
		7CD57DBA29411CFC002FBF4F /* Frameworks */ = {
			isa = PBXFrameworksBuildPhase;
			buildActionMask = 2147483647;
			files = (
			);
			runOnlyForDeploymentPostprocessing = 0;
		};
/* End PBXFrameworksBuildPhase section */

/* Begin PBXGroup section */
		7CD57DB429411CFC002FBF4F = {
			isa = PBXGroup;
			children = (
				7CE2F41C294F15CE00A04CE6 /* Weather-Test-App-Info.plist */,
				7CD57DBF29411CFC002FBF4F /* Weather Test App */,
				7CD57DBE29411CFC002FBF4F /* Products */,
			);
			sourceTree = "<group>";
		};
		7CD57DBE29411CFC002FBF4F /* Products */ = {
			isa = PBXGroup;
			children = (
				7CD57DBD29411CFC002FBF4F /* Weather Test App.app */,
			);
			name = Products;
			sourceTree = "<group>";
		};
		7CD57DBF29411CFC002FBF4F /* Weather Test App */ = {
			isa = PBXGroup;
			children = (
				7CD57DC029411CFC002FBF4F /* Weather_Test_AppApp.swift */,
				7CE2F42329511BAD00A04CE6 /* View */,
				7CE2F42229511ACC00A04CE6 /* View Model */,
				7CE2F41F295119D700A04CE6 /* Model */,
				7CD57DC429411CFE002FBF4F /* Assets.xcassets */,
				7CD57DC629411CFE002FBF4F /* Preview Content */,
			);
			path = "Weather Test App";
			sourceTree = "<group>";
		};
		7CD57DC629411CFE002FBF4F /* Preview Content */ = {
			isa = PBXGroup;
			children = (
				7CD57DC729411CFE002FBF4F /* Preview Assets.xcassets */,
			);
			path = "Preview Content";
			sourceTree = "<group>";
		};
		7CE2F41F295119D700A04CE6 /* Model */ = {
			isa = PBXGroup;
			children = (
				7CE2F41D2951194000A04CE6 /* Model.swift */,
				7CE2F42029511A0F00A04CE6 /* Constants.swift */,
			);
			path = Model;
			sourceTree = "<group>";
		};
		7CE2F42229511ACC00A04CE6 /* View Model */ = {
			isa = PBXGroup;
			children = (
				7CE2F41A294F0E6400A04CE6 /* ViewModel.swift */,
			);
			path = "View Model";
			sourceTree = "<group>";
		};
		7CE2F42329511BAD00A04CE6 /* View */ = {
			isa = PBXGroup;
			children = (
				7CF7FBB629432C520022E83A /* DetailView.swift */,
				7CD57DC229411CFC002FBF4F /* ContentView.swift */,
			);
			name = View;
			sourceTree = "<group>";
		};
/* End PBXGroup section */

/* Begin PBXNativeTarget section */
		7CD57DBC29411CFC002FBF4F /* Weather Test App */ = {
			isa = PBXNativeTarget;
			buildConfigurationList = 7CD57DCB29411CFE002FBF4F /* Build configuration list for PBXNativeTarget "Weather Test App" */;
			buildPhases = (
				7CD57DB929411CFC002FBF4F /* Sources */,
				7CD57DBA29411CFC002FBF4F /* Frameworks */,
				7CD57DBB29411CFC002FBF4F /* Resources */,
			);
			buildRules = (
			);
			dependencies = (
			);
			name = "Weather Test App";
			productName = "Weather Test App";
			productReference = 7CD57DBD29411CFC002FBF4F /* Weather Test App.app */;
			productType = "com.apple.product-type.application";
		};
/* End PBXNativeTarget section */

/* Begin PBXProject section */
		7CD57DB529411CFC002FBF4F /* Project object */ = {
			isa = PBXProject;
			attributes = {
				BuildIndependentTargetsInParallel = 1;
				LastSwiftUpdateCheck = 1320;
				LastUpgradeCheck = 1320;
				TargetAttributes = {
					7CD57DBC29411CFC002FBF4F = {
						CreatedOnToolsVersion = 13.2.1;
					};
				};
			};
			buildConfigurationList = 7CD57DB829411CFC002FBF4F /* Build configuration list for PBXProject "Weather Test App" */;
			compatibilityVersion = "Xcode 13.0";
			developmentRegion = en;
			hasScannedForEncodings = 0;
			knownRegions = (
				en,
				Base,
			);
			mainGroup = 7CD57DB429411CFC002FBF4F;
			productRefGroup = 7CD57DBE29411CFC002FBF4F /* Products */;
			projectDirPath = "";
			projectRoot = "";
			targets = (
				7CD57DBC29411CFC002FBF4F /* Weather Test App */,
			);
		};
/* End PBXProject section */

/* Begin PBXResourcesBuildPhase section */
		7CD57DBB29411CFC002FBF4F /* Resources */ = {
			isa = PBXResourcesBuildPhase;
			buildActionMask = 2147483647;
			files = (
				7CD57DC829411CFE002FBF4F /* Preview Assets.xcassets in Resources */,
				7CD57DC529411CFE002FBF4F /* Assets.xcassets in Resources */,
			);
			runOnlyForDeploymentPostprocessing = 0;
		};
/* End PBXResourcesBuildPhase section */

/* Begin PBXSourcesBuildPhase section */
		7CD57DB929411CFC002FBF4F /* Sources */ = {
			isa = PBXSourcesBuildPhase;
			buildActionMask = 2147483647;
			files = (
				7CD57DC329411CFC002FBF4F /* ContentView.swift in Sources */,
				7CF7FBB729432C520022E83A /* DetailView.swift in Sources */,
				7CE2F41E2951194000A04CE6 /* Model.swift in Sources */,
				7CE2F42129511A0F00A04CE6 /* Constants.swift in Sources */,
				7CD57DC129411CFC002FBF4F /* Weather_Test_AppApp.swift in Sources */,
				7CE2F41B294F0E6400A04CE6 /* ViewModel.swift in Sources */,
			);
			runOnlyForDeploymentPostprocessing = 0;
		};
/* End PBXSourcesBuildPhase section */

/* Begin XCBuildConfiguration section */
		7CD57DC929411CFE002FBF4F /* Debug */ = {
			isa = XCBuildConfiguration;
			buildSettings = {
				ALWAYS_SEARCH_USER_PATHS = NO;
				CLANG_ANALYZER_NONNULL = YES;
				CLANG_ANALYZER_NUMBER_OBJECT_CONVERSION = YES_AGGRESSIVE;
				CLANG_CXX_LANGUAGE_STANDARD = "gnu++17";
				CLANG_CXX_LIBRARY = "libc++";
				CLANG_ENABLE_MODULES = YES;
				CLANG_ENABLE_OBJC_ARC = YES;
				CLANG_ENABLE_OBJC_WEAK = YES;
				CLANG_WARN_BLOCK_CAPTURE_AUTORELEASING = YES;
				CLANG_WARN_BOOL_CONVERSION = YES;
				CLANG_WARN_COMMA = YES;
				CLANG_WARN_CONSTANT_CONVERSION = YES;
				CLANG_WARN_DEPRECATED_OBJC_IMPLEMENTATIONS = YES;
				CLANG_WARN_DIRECT_OBJC_ISA_USAGE = YES_ERROR;
				CLANG_WARN_DOCUMENTATION_COMMENTS = YES;
				CLANG_WARN_EMPTY_BODY = YES;
				CLANG_WARN_ENUM_CONVERSION = YES;
				CLANG_WARN_INFINITE_RECURSION = YES;
				CLANG_WARN_INT_CONVERSION = YES;
				CLANG_WARN_NON_LITERAL_NULL_CONVERSION = YES;
				CLANG_WARN_OBJC_IMPLICIT_RETAIN_SELF = YES;
				CLANG_WARN_OBJC_LITERAL_CONVERSION = YES;
				CLANG_WARN_OBJC_ROOT_CLASS = YES_ERROR;
				CLANG_WARN_QUOTED_INCLUDE_IN_FRAMEWORK_HEADER = YES;
				CLANG_WARN_RANGE_LOOP_ANALYSIS = YES;
				CLANG_WARN_STRICT_PROTOTYPES = YES;
				CLANG_WARN_SUSPICIOUS_MOVE = YES;
				CLANG_WARN_UNGUARDED_AVAILABILITY = YES_AGGRESSIVE;
				CLANG_WARN_UNREACHABLE_CODE = YES;
				CLANG_WARN__DUPLICATE_METHOD_MATCH = YES;
				COPY_PHASE_STRIP = NO;
				DEBUG_INFORMATION_FORMAT = dwarf;
				ENABLE_STRICT_OBJC_MSGSEND = YES;
				ENABLE_TESTABILITY = YES;
				GCC_C_LANGUAGE_STANDARD = gnu11;
				GCC_DYNAMIC_NO_PIC = NO;
				GCC_NO_COMMON_BLOCKS = YES;
				GCC_OPTIMIZATION_LEVEL = 0;
				GCC_PREPROCESSOR_DEFINITIONS = (
					"DEBUG=1",
					"$(inherited)",
				);
				GCC_WARN_64_TO_32_BIT_CONVERSION = YES;
				GCC_WARN_ABOUT_RETURN_TYPE = YES_ERROR;
				GCC_WARN_UNDECLARED_SELECTOR = YES;
				GCC_WARN_UNINITIALIZED_AUTOS = YES_AGGRESSIVE;
				GCC_WARN_UNUSED_FUNCTION = YES;
				GCC_WARN_UNUSED_VARIABLE = YES;
				IPHONEOS_DEPLOYMENT_TARGET = 15.2;
				MTL_ENABLE_DEBUG_INFO = INCLUDE_SOURCE;
				MTL_FAST_MATH = YES;
				ONLY_ACTIVE_ARCH = YES;
				SDKROOT = iphoneos;
				SWIFT_ACTIVE_COMPILATION_CONDITIONS = DEBUG;
				SWIFT_OPTIMIZATION_LEVEL = "-Onone";
			};
			name = Debug;
		};
		7CD57DCA29411CFE002FBF4F /* Release */ = {
			isa = XCBuildConfiguration;
			buildSettings = {
				ALWAYS_SEARCH_USER_PATHS = NO;
				CLANG_ANALYZER_NONNULL = YES;
				CLANG_ANALYZER_NUMBER_OBJECT_CONVERSION = YES_AGGRESSIVE;
				CLANG_CXX_LANGUAGE_STANDARD = "gnu++17";
				CLANG_CXX_LIBRARY = "libc++";
				CLANG_ENABLE_MODULES = YES;
				CLANG_ENABLE_OBJC_ARC = YES;
				CLANG_ENABLE_OBJC_WEAK = YES;
				CLANG_WARN_BLOCK_CAPTURE_AUTORELEASING = YES;
				CLANG_WARN_BOOL_CONVERSION = YES;
				CLANG_WARN_COMMA = YES;
				CLANG_WARN_CONSTANT_CONVERSION = YES;
				CLANG_WARN_DEPRECATED_OBJC_IMPLEMENTATIONS = YES;
				CLANG_WARN_DIRECT_OBJC_ISA_USAGE = YES_ERROR;
				CLANG_WARN_DOCUMENTATION_COMMENTS = YES;
				CLANG_WARN_EMPTY_BODY = YES;
				CLANG_WARN_ENUM_CONVERSION = YES;
				CLANG_WARN_INFINITE_RECURSION = YES;
				CLANG_WARN_INT_CONVERSION = YES;
				CLANG_WARN_NON_LITERAL_NULL_CONVERSION = YES;
				CLANG_WARN_OBJC_IMPLICIT_RETAIN_SELF = YES;
				CLANG_WARN_OBJC_LITERAL_CONVERSION = YES;
				CLANG_WARN_OBJC_ROOT_CLASS = YES_ERROR;
				CLANG_WARN_QUOTED_INCLUDE_IN_FRAMEWORK_HEADER = YES;
				CLANG_WARN_RANGE_LOOP_ANALYSIS = YES;
				CLANG_WARN_STRICT_PROTOTYPES = YES;
				CLANG_WARN_SUSPICIOUS_MOVE = YES;
				CLANG_WARN_UNGUARDED_AVAILABILITY = YES_AGGRESSIVE;
				CLANG_WARN_UNREACHABLE_CODE = YES;
				CLANG_WARN__DUPLICATE_METHOD_MATCH = YES;
				COPY_PHASE_STRIP = NO;
				DEBUG_INFORMATION_FORMAT = "dwarf-with-dsym";
				ENABLE_NS_ASSERTIONS = NO;
				ENABLE_STRICT_OBJC_MSGSEND = YES;
				GCC_C_LANGUAGE_STANDARD = gnu11;
				GCC_NO_COMMON_BLOCKS = YES;
				GCC_WARN_64_TO_32_BIT_CONVERSION = YES;
				GCC_WARN_ABOUT_RETURN_TYPE = YES_ERROR;
				GCC_WARN_UNDECLARED_SELECTOR = YES;
				GCC_WARN_UNINITIALIZED_AUTOS = YES_AGGRESSIVE;
				GCC_WARN_UNUSED_FUNCTION = YES;
				GCC_WARN_UNUSED_VARIABLE = YES;
				IPHONEOS_DEPLOYMENT_TARGET = 15.2;
				MTL_ENABLE_DEBUG_INFO = NO;
				MTL_FAST_MATH = YES;
				SDKROOT = iphoneos;
				SWIFT_COMPILATION_MODE = wholemodule;
				SWIFT_OPTIMIZATION_LEVEL = "-O";
				VALIDATE_PRODUCT = YES;
			};
			name = Release;
		};
		7CD57DCC29411CFE002FBF4F /* Debug */ = {
			isa = XCBuildConfiguration;
			buildSettings = {
				ASSETCATALOG_COMPILER_APPICON_NAME = AppIcon;
				ASSETCATALOG_COMPILER_GLOBAL_ACCENT_COLOR_NAME = AccentColor;
				CODE_SIGN_STYLE = Automatic;
				CURRENT_PROJECT_VERSION = 1;
				DEVELOPMENT_ASSET_PATHS = "\"Weather Test App/Preview Content\"";
				DEVELOPMENT_TEAM = CRB59S3C59;
				ENABLE_PREVIEWS = YES;
				GENERATE_INFOPLIST_FILE = YES;
				INFOPLIST_FILE = "Weather-Test-App-Info.plist";
				INFOPLIST_KEY_UIApplicationSceneManifest_Generation = YES;
				INFOPLIST_KEY_UIApplicationSupportsIndirectInputEvents = YES;
				INFOPLIST_KEY_UILaunchScreen_Generation = YES;
				INFOPLIST_KEY_UISupportedInterfaceOrientations_iPad = "UIInterfaceOrientationPortrait UIInterfaceOrientationPortraitUpsideDown UIInterfaceOrientationLandscapeLeft UIInterfaceOrientationLandscapeRight";
				INFOPLIST_KEY_UISupportedInterfaceOrientations_iPhone = "UIInterfaceOrientationPortrait UIInterfaceOrientationLandscapeLeft UIInterfaceOrientationLandscapeRight";
				IPHONEOS_DEPLOYMENT_TARGET = 16.0;
				LD_RUNPATH_SEARCH_PATHS = (
					"$(inherited)",
					"@executable_path/Frameworks",
				);
				MARKETING_VERSION = 1.0;
				PRODUCT_BUNDLE_IDENTIFIER = "com.PaperStreetSoapCompany.Weather-Test-App";
				PRODUCT_NAME = "$(TARGET_NAME)";
				SWIFT_EMIT_LOC_STRINGS = YES;
				SWIFT_VERSION = 5.0;
				TARGETED_DEVICE_FAMILY = "1,2";
			};
			name = Debug;
		};
		7CD57DCD29411CFE002FBF4F /* Release */ = {
			isa = XCBuildConfiguration;
			buildSettings = {
				ASSETCATALOG_COMPILER_APPICON_NAME = AppIcon;
				ASSETCATALOG_COMPILER_GLOBAL_ACCENT_COLOR_NAME = AccentColor;
				CODE_SIGN_STYLE = Automatic;
				CURRENT_PROJECT_VERSION = 1;
				DEVELOPMENT_ASSET_PATHS = "\"Weather Test App/Preview Content\"";
				DEVELOPMENT_TEAM = CRB59S3C59;
				ENABLE_PREVIEWS = YES;
				GENERATE_INFOPLIST_FILE = YES;
				INFOPLIST_FILE = "Weather-Test-App-Info.plist";
				INFOPLIST_KEY_UIApplicationSceneManifest_Generation = YES;
				INFOPLIST_KEY_UIApplicationSupportsIndirectInputEvents = YES;
				INFOPLIST_KEY_UILaunchScreen_Generation = YES;
				INFOPLIST_KEY_UISupportedInterfaceOrientations_iPad = "UIInterfaceOrientationPortrait UIInterfaceOrientationPortraitUpsideDown UIInterfaceOrientationLandscapeLeft UIInterfaceOrientationLandscapeRight";
				INFOPLIST_KEY_UISupportedInterfaceOrientations_iPhone = "UIInterfaceOrientationPortrait UIInterfaceOrientationLandscapeLeft UIInterfaceOrientationLandscapeRight";
				IPHONEOS_DEPLOYMENT_TARGET = 16.0;
				LD_RUNPATH_SEARCH_PATHS = (
					"$(inherited)",
					"@executable_path/Frameworks",
				);
				MARKETING_VERSION = 1.0;
				PRODUCT_BUNDLE_IDENTIFIER = "com.PaperStreetSoapCompany.Weather-Test-App";
				PRODUCT_NAME = "$(TARGET_NAME)";
				SWIFT_EMIT_LOC_STRINGS = YES;
				SWIFT_VERSION = 5.0;
				TARGETED_DEVICE_FAMILY = "1,2";
			};
			name = Release;
		};
/* End XCBuildConfiguration section */

/* Begin XCConfigurationList section */
		7CD57DB829411CFC002FBF4F /* Build configuration list for PBXProject "Weather Test App" */ = {
			isa = XCConfigurationList;
			buildConfigurations = (
				7CD57DC929411CFE002FBF4F /* Debug */,
				7CD57DCA29411CFE002FBF4F /* Release */,
			);
			defaultConfigurationIsVisible = 0;
			defaultConfigurationName = Release;
		};
		7CD57DCB29411CFE002FBF4F /* Build configuration list for PBXNativeTarget "Weather Test App" */ = {
			isa = XCConfigurationList;
			buildConfigurations = (
				7CD57DCC29411CFE002FBF4F /* Debug */,
				7CD57DCD29411CFE002FBF4F /* Release */,
			);
			defaultConfigurationIsVisible = 0;
			defaultConfigurationName = Release;
		};
/* End XCConfigurationList section */
	};
	rootObject = 7CD57DB529411CFC002FBF4F /* Project object */;
}
